lockfileVersion: '9.0'

settings:
  autoInstallPeers: true
  excludeLinksFromLockfile: false

importers:

  .:
    devDependencies:
      '@redux-devtools/extension':
        specifier: ^3.3.0
        version: 3.3.0(redux@5.0.1)

packages:

  '@babel/runtime@7.28.3':
    resolution: {integrity: sha512-9uIQ10o0WGdpP6GDhXcdOJPJuDgFtIDtN/9+ArJQ2NAfAmiuhTQdzkaTGR33v43GYS2UrSA0eX2pPPHoFVvpxA==}
    engines: {node: '>=6.9.0'}

  '@redux-devtools/extension@3.3.0':
    resolution: {integrity: sha512-X34S/rC8S/M1BIrkYD1mJ5f8vlH0BDqxXrs96cvxSBo4FhMdbhU+GUGsmNYov1xjSyLMHgo8NYrUG8bNX7525g==}
    peerDependencies:
      redux: ^3.1.0 || ^4.0.0 || ^5.0.0

  immutable@4.3.7:
    resolution: {integrity: sha512-1hqclzwYwjRDFLjcFxOM5AYkkG0rpFPpr1RLPMEuGczoS7YA8gLhy8SWXYRAA/XwfEHpfo3cw5JGioS32fnMRw==}

  redux@5.0.1:
    resolution: {integrity: sha512-M9/ELqF6fy8FwmkpnF0S3YKOqMyoWJ4+CS5Efg2ct3oY9daQvd/Pc71FpGZsVsbl3Cpb+IIcjBDUnnyBdQbq4w==}

snapshots:

  '@babel/runtime@7.28.3': {}

  '@redux-devtools/extension@3.3.0(redux@5.0.1)':
    dependencies:
      '@babel/runtime': 7.28.3
      immutable: 4.3.7
      redux: 5.0.1

  immutable@4.3.7: {}

  redux@5.0.1: {}
